
Microsoft Visual Studio Solution File, Format Version 12.00
Project("{FAE04EC0-301F-11D3-BF4B-00C04F79EFBC}") = "DDDSampleWebApi", "DDDSampleWebApi\DDDSampleWebApi.csproj", "{060B437F-560C-4CD2-A327-FAA7589633D6}"
EndProject
Global
	GlobalSection(SolutionConfigurationPlatforms) = preSolution
		Debug|Any CPU = Debug|Any CPU
		Release|Any CPU = Release|Any CPU
	EndGlobalSection
	GlobalSection(ProjectConfigurationPlatforms) = postSolution
		{060B437F-560C-4CD2-A327-FAA7589633D6}.Debug|Any CPU.ActiveCfg = Debug|Any CPU
		{060B437F-560C-4CD2-A327-FAA7589633D6}.Debug|Any CPU.Build.0 = Debug|Any CPU
		{060B437F-560C-4CD2-A327-FAA7589633D6}.Release|Any CPU.ActiveCfg = Release|Any CPU
		{060B437F-560C-4CD2-A327-FAA7589633D6}.Release|Any CPU.Build.0 = Release|Any CPU
	EndGlobalSection
EndGlobal
